
# cargo-vet imports lock

[[publisher.proc-macro2]]
version = "1.0.101"
when = "2025-08-16"
user-id = 3618
user-login = "dtolnay"
user-name = "David Tolnay"

[[publisher.quote]]
version = "1.0.41"
when = "2025-09-29"
user-id = 3618
user-login = "dtolnay"
user-name = "David Tolnay"

[[publisher.syn]]
version = "2.0.106"
when = "2025-08-16"
user-id = 3618
user-login = "dtolnay"
user-name = "David Tolnay"

[[publisher.unicode-ident]]
version = "1.0.19"
when = "2025-09-10"
user-id = 3618
user-login = "dtolnay"
user-name = "David Tolnay"

[[audits.google.audits.byteorder]]
who = "danakj <danakj@chromium.org>"
criteria = "safe-to-deploy"
version = "1.5.0"
notes = "Unsafe review in https://crrev.com/c/5838022"
aggregated-from = "https://chromium.googlesource.com/chromium/src/+/main/third_party/rust/chromium_crates_io/supply-chain/audits.toml?format=TEXT"

[[audits.google.audits.stable_deref_trait]]
who = "Manish Goregaokar <manishearth@google.com>"
criteria = "safe-to-deploy"
version = "1.2.0"
notes = "Purely a trait, crates using this should be carefully vetted since self-referential stuff can be super tricky around various unsafe rust edges."
aggregated-from = "https://chromium.googlesource.com/chromium/src/+/main/third_party/rust/chromium_crates_io/supply-chain/audits.toml?format=TEXT"

[audits.mozilla.audits]
